
Microsoft Visual Studio Solution File, Format Version 12.00
# Visual Studio Version 17
VisualStudioVersion = 17.5.002.0
MinimumVisualStudioVersion = 10.0.40219.1
Project("{2150E333-8FDC-42A3-9474-1A3956D46DE8}") = "build", "build", "{ADBEE30B-9989-4E2A-8162-EF99D617F89A}"
EndProject
Project("{2150E333-8FDC-42A3-9474-1A3956D46DE8}") = "tf2_msgs", "tf2_msgs", "{7A23AD06-10D0-47BE-9D81-3818129408B5}"
EndProject
Project("{9A19103F-16F7-4668-BE54-9A1E7A4F7556}") = "tf2_msgs_assembly_dotnetcore", "build\tf2_msgs\tf2_msgs_assembly\tf2_msgs_assembly_dotnetcore.csproj", "{84039454-68E4-4374-BE3E-113406D05994}"
EndProject
Project("{2150E333-8FDC-42A3-9474-1A3956D46DE8}") = "lifecycle_msgs", "lifecycle_msgs", "{5B7332E0-7ACA-41C0-ADE3-796B485A0543}"
EndProject
Project("{9A19103F-16F7-4668-BE54-9A1E7A4F7556}") = "lifecycle_msgs_assembly_dotnetcore", "build\lifecycle_msgs\lifecycle_msgs_assembly\lifecycle_msgs_assembly_dotnetcore.csproj", "{B40B6CCE-ED73-4DAE-AEA4-3954AE22129F}"
EndProject
Project("{2150E333-8FDC-42A3-9474-1A3956D46DE8}") = "geometry_msgs", "geometry_msgs", "{4759A0B6-371D-4BE2-A2E6-EDC726911291}"
EndProject
Project("{9A19103F-16F7-4668-BE54-9A1E7A4F7556}") = "geometry_msgs_assembly_dotnetcore", "build\geometry_msgs\geometry_msgs_assembly\geometry_msgs_assembly_dotnetcore.csproj", "{8BEBBF58-9BB1-400D-877D-9305937AF7E2}"
EndProject
Project("{2150E333-8FDC-42A3-9474-1A3956D46DE8}") = "actionlib_msgs", "actionlib_msgs", "{4E22B614-05EE-4FA2-AD37-C053F5940F04}"
EndProject
Project("{9A19103F-16F7-4668-BE54-9A1E7A4F7556}") = "actionlib_msgs_assembly_dotnetcore", "build\actionlib_msgs\actionlib_msgs_assembly\actionlib_msgs_assembly_dotnetcore.csproj", "{ADF69083-5F8A-48CC-B922-C0199A436312}"
EndProject
Project("{2150E333-8FDC-42A3-9474-1A3956D46DE8}") = "action_msgs", "action_msgs", "{C251E28D-DF59-4A7E-9C9D-532FF3B73A5B}"
EndProject
Project("{9A19103F-16F7-4668-BE54-9A1E7A4F7556}") = "action_msgs_assembly_dotnetcore", "build\action_msgs\action_msgs_assembly\action_msgs_assembly_dotnetcore.csproj", "{F214AD6A-5711-4A60-BE78-9DF47E218098}"
EndProject
Project("{2150E333-8FDC-42A3-9474-1A3956D46DE8}") = "example_interfaces", "example_interfaces", "{0A51FE23-25C5-40AB-B3DD-041DBE510AE0}"
EndProject
Project("{9A19103F-16F7-4668-BE54-9A1E7A4F7556}") = "example_interfaces_assembly_dotnetcore", "build\example_interfaces\example_interfaces_assembly\example_interfaces_assembly_dotnetcore.csproj", "{E43D5F84-D27A-4581-AD86-6752C755F0FF}"
EndProject
Project("{2150E333-8FDC-42A3-9474-1A3956D46DE8}") = "ros2cs_core", "ros2cs_core", "{641EC564-E146-4837-B424-BE420C0127CE}"
EndProject
Project("{9A19103F-16F7-4668-BE54-9A1E7A4F7556}") = "ros2cs_core_dotnetcore", "build\ros2cs_core\ros2cs_core\ros2cs_core_dotnetcore.csproj", "{B42ABB0C-910F-43DC-A2F5-6835BF5C0CC7}"
EndProject
Project("{2150E333-8FDC-42A3-9474-1A3956D46DE8}") = "ros2cs_common", "ros2cs_common", "{42F98C30-0C30-4300-8E9E-162F263DD766}"
EndProject
Project("{9A19103F-16F7-4668-BE54-9A1E7A4F7556}") = "ros2cs_common_dotnetcore", "build\ros2cs_common\ros2cs_common\ros2cs_common_dotnetcore.csproj", "{7897C260-82F8-4ED6-8385-6AA5F74E3373}"
EndProject
Project("{2150E333-8FDC-42A3-9474-1A3956D46DE8}") = "nav_msgs", "nav_msgs", "{B6BDE095-3486-483E-89A1-295D6299D401}"
EndProject
Project("{9A19103F-16F7-4668-BE54-9A1E7A4F7556}") = "nav_msgs_assembly_dotnetcore", "build\nav_msgs\nav_msgs_assembly\nav_msgs_assembly_dotnetcore.csproj", "{703DC9FF-8239-418C-A44D-84463CB4A2DB}"
EndProject
Project("{2150E333-8FDC-42A3-9474-1A3956D46DE8}") = "sensor_msgs", "sensor_msgs", "{E1D4BAA9-134F-48DA-9116-6840AD099076}"
EndProject
Project("{9A19103F-16F7-4668-BE54-9A1E7A4F7556}") = "sensor_msgs_assembly_dotnetcore", "build\sensor_msgs\sensor_msgs_assembly\sensor_msgs_assembly_dotnetcore.csproj", "{93600189-393A-4C9C-9CC4-F2FA27F3B13B}"
EndProject
Project("{2150E333-8FDC-42A3-9474-1A3956D46DE8}") = "builtin_interfaces", "builtin_interfaces", "{B6671C13-4273-4D1E-BB02-2AA565B945BD}"
EndProject
Project("{9A19103F-16F7-4668-BE54-9A1E7A4F7556}") = "builtin_interfaces_assembly_dotnetcore", "build\builtin_interfaces\builtin_interfaces_assembly\builtin_interfaces_assembly_dotnetcore.csproj", "{6F3A739B-7240-4B31-8B0B-2CB6FE28CC3A}"
EndProject
Project("{2150E333-8FDC-42A3-9474-1A3956D46DE8}") = "ros2cs_examples", "ros2cs_examples", "{80D01883-17B6-4A16-BB5A-827CC3B0B4CA}"
EndProject
Project("{9A19103F-16F7-4668-BE54-9A1E7A4F7556}") = "ros2cs_talker_dotnetcore", "build\ros2cs_examples\ros2cs_talker\ros2cs_talker_dotnetcore.csproj", "{446D70FA-D424-4928-9E0C-0D24E49F5BD3}"
EndProject
Project("{9A19103F-16F7-4668-BE54-9A1E7A4F7556}") = "ros2cs_performance_listener_dotnetcore", "build\ros2cs_examples\ros2cs_performance_listener\ros2cs_performance_listener_dotnetcore.csproj", "{AE631998-516A-4200-ADF9-4E9EEE675A29}"
EndProject
Project("{9A19103F-16F7-4668-BE54-9A1E7A4F7556}") = "ros2cs_service_dotnetcore", "build\ros2cs_examples\ros2cs_service\ros2cs_service_dotnetcore.csproj", "{D0684432-D81D-4CA4-84AA-7123CAFEE7DE}"
EndProject
Project("{9A19103F-16F7-4668-BE54-9A1E7A4F7556}") = "ros2cs_performance_talker_dotnetcore", "build\ros2cs_examples\ros2cs_performance_talker\ros2cs_performance_talker_dotnetcore.csproj", "{BD10D7AD-8D6C-4ADF-8475-0A05CCB633BB}"
EndProject
Project("{9A19103F-16F7-4668-BE54-9A1E7A4F7556}") = "ros2cs_client_dotnetcore", "build\ros2cs_examples\ros2cs_client\ros2cs_client_dotnetcore.csproj", "{B3BA2368-30C3-4F43-AD8C-74A0EB5CBFC3}"
EndProject
Project("{9A19103F-16F7-4668-BE54-9A1E7A4F7556}") = "ros2cs_listener_dotnetcore", "build\ros2cs_examples\ros2cs_listener\ros2cs_listener_dotnetcore.csproj", "{FCB98ECD-1A6D-49BA-B24A-F58785FAC588}"
EndProject
Project("{2150E333-8FDC-42A3-9474-1A3956D46DE8}") = "rosgraph_msgs", "rosgraph_msgs", "{3DE25A30-DC20-4536-98D3-A4EBC47FC3A9}"
EndProject
Project("{9A19103F-16F7-4668-BE54-9A1E7A4F7556}") = "rosgraph_msgs_assembly_dotnetcore", "build\rosgraph_msgs\rosgraph_msgs_assembly\rosgraph_msgs_assembly_dotnetcore.csproj", "{B7F6DC6D-27BB-47C1-AB32-E5C76951D063}"
EndProject
Project("{2150E333-8FDC-42A3-9474-1A3956D46DE8}") = "unique_identifier_msgs", "unique_identifier_msgs", "{DC7B8697-D5BE-4EEE-A471-EF82A2BC1C38}"
EndProject
Project("{9A19103F-16F7-4668-BE54-9A1E7A4F7556}") = "unique_identifier_msgs_assembly_dotnetcore", "build\unique_identifier_msgs\unique_identifier_msgs_assembly\unique_identifier_msgs_assembly_dotnetcore.csproj", "{8BA784AB-69A0-4F4E-A0A3-8B8EA1FC510B}"
EndProject
Project("{2150E333-8FDC-42A3-9474-1A3956D46DE8}") = "diagnostic_msgs", "diagnostic_msgs", "{25657AEC-07EC-4F64-B9B9-922C93F597EB}"
EndProject
Project("{9A19103F-16F7-4668-BE54-9A1E7A4F7556}") = "diagnostic_msgs_assembly_dotnetcore", "build\diagnostic_msgs\diagnostic_msgs_assembly\diagnostic_msgs_assembly_dotnetcore.csproj", "{48A04FC4-3AB5-4FC0-B62D-7B9481E3E207}"
EndProject
Project("{2150E333-8FDC-42A3-9474-1A3956D46DE8}") = "composition_interfaces", "composition_interfaces", "{EEEDE605-071C-4B45-8DB3-6F3392B88416}"
EndProject
Project("{9A19103F-16F7-4668-BE54-9A1E7A4F7556}") = "composition_interfaces_assembly_dotnetcore", "build\composition_interfaces\composition_interfaces_assembly\composition_interfaces_assembly_dotnetcore.csproj", "{47FB5B8C-CC4C-4554-A963-9EDAEB2E0FB5}"
EndProject
Project("{2150E333-8FDC-42A3-9474-1A3956D46DE8}") = "rcl_interfaces", "rcl_interfaces", "{A983CC26-1335-452E-B983-EA23D32AA30A}"
EndProject
Project("{9A19103F-16F7-4668-BE54-9A1E7A4F7556}") = "rcl_interfaces_assembly_dotnetcore", "build\rcl_interfaces\rcl_interfaces_assembly\rcl_interfaces_assembly_dotnetcore.csproj", "{156F5D3D-9F27-48B3-8C40-3A174FF97AC7}"
EndProject
Project("{2150E333-8FDC-42A3-9474-1A3956D46DE8}") = "shape_msgs", "shape_msgs", "{465641D7-F528-4843-BC32-8FCD5780A8BC}"
EndProject
Project("{9A19103F-16F7-4668-BE54-9A1E7A4F7556}") = "shape_msgs_assembly_dotnetcore", "build\shape_msgs\shape_msgs_assembly\shape_msgs_assembly_dotnetcore.csproj", "{F6C16B49-23E5-4A98-AABC-EDB0B1CD5AD9}"
EndProject
Project("{2150E333-8FDC-42A3-9474-1A3956D46DE8}") = "trajectory_msgs", "trajectory_msgs", "{6E65334D-F93B-4B5C-86F3-80AD77DA10F3}"
EndProject
Project("{9A19103F-16F7-4668-BE54-9A1E7A4F7556}") = "trajectory_msgs_assembly_dotnetcore", "build\trajectory_msgs\trajectory_msgs_assembly\trajectory_msgs_assembly_dotnetcore.csproj", "{05A50F09-045E-4F65-8E0B-FD5B2A5171D4}"
EndProject
Project("{2150E333-8FDC-42A3-9474-1A3956D46DE8}") = "statistics_msgs", "statistics_msgs", "{FEF4A0BE-B369-4C25-A0D8-6887E1537180}"
EndProject
Project("{9A19103F-16F7-4668-BE54-9A1E7A4F7556}") = "statistics_msgs_assembly_dotnetcore", "build\statistics_msgs\statistics_msgs_assembly\statistics_msgs_assembly_dotnetcore.csproj", "{7DC91D9F-B400-4C43-8BC1-F35D77737C41}"
EndProject
Project("{2150E333-8FDC-42A3-9474-1A3956D46DE8}") = "visualization_msgs", "visualization_msgs", "{FD6034ED-C703-4D2B-90F3-A9DDAB1BE9E1}"
EndProject
Project("{9A19103F-16F7-4668-BE54-9A1E7A4F7556}") = "visualization_msgs_assembly_dotnetcore", "build\visualization_msgs\visualization_msgs_assembly\visualization_msgs_assembly_dotnetcore.csproj", "{A01EF6F1-7935-41B7-9190-32574388AB78}"
EndProject
Project("{2150E333-8FDC-42A3-9474-1A3956D46DE8}") = "std_srvs", "std_srvs", "{3AB8449A-D7E7-473F-A342-17235F34EFDF}"
EndProject
Project("{9A19103F-16F7-4668-BE54-9A1E7A4F7556}") = "std_srvs_assembly_dotnetcore", "build\std_srvs\std_srvs_assembly\std_srvs_assembly_dotnetcore.csproj", "{760A5BD3-3539-42B3-9A94-36C7034D354A}"
EndProject
Project("{2150E333-8FDC-42A3-9474-1A3956D46DE8}") = "stereo_msgs", "stereo_msgs", "{FAD6A3CC-F4B1-43CF-A594-F9CA3A0A5C4C}"
EndProject
Project("{9A19103F-16F7-4668-BE54-9A1E7A4F7556}") = "stereo_msgs_assembly_dotnetcore", "build\stereo_msgs\stereo_msgs_assembly\stereo_msgs_assembly_dotnetcore.csproj", "{75C8B5B2-57E2-4FBE-ACBD-FD5D880EAECB}"
EndProject
Project("{2150E333-8FDC-42A3-9474-1A3956D46DE8}") = "test_msgs", "test_msgs", "{A58259E4-42AF-4BC1-BEE7-6343EC9DC36E}"
EndProject
Project("{9A19103F-16F7-4668-BE54-9A1E7A4F7556}") = "test_msgs_assembly_dotnetcore", "build\test_msgs\test_msgs_assembly\test_msgs_assembly_dotnetcore.csproj", "{71990283-A19D-49A0-B38E-D3B3321F2357}"
EndProject
Project("{2150E333-8FDC-42A3-9474-1A3956D46DE8}") = "std_msgs", "std_msgs", "{3DAB73F1-9263-4A38-A823-72D284B7C23A}"
EndProject
Project("{9A19103F-16F7-4668-BE54-9A1E7A4F7556}") = "std_msgs_assembly_dotnetcore", "build\std_msgs\std_msgs_assembly\std_msgs_assembly_dotnetcore.csproj", "{ED6AD980-7C27-41BB-9B68-04FB2663E403}"
EndProject
Project("{2150E333-8FDC-42A3-9474-1A3956D46DE8}") = "src", "src", "{CD5BF4F3-13DB-44D6-9BE3-F52E1969BB57}"
EndProject
Project("{2150E333-8FDC-42A3-9474-1A3956D46DE8}") = "ros2cs", "ros2cs", "{146367A7-D9F4-4462-8372-037ED8C21C35}"
EndProject
Project("{2150E333-8FDC-42A3-9474-1A3956D46DE8}") = "src", "src", "{33191F29-39EB-4D3A-80A5-5D5D289C6506}"
EndProject
Project("{2150E333-8FDC-42A3-9474-1A3956D46DE8}") = "ros2cs", "ros2cs", "{DCB4DBA9-C639-42F6-9383-4A92C3316776}"
EndProject
Project("{9A19103F-16F7-4668-BE54-9A1E7A4F7556}") = "ros2cs_core", "src\ros2cs\src\ros2cs\ros2cs_core\ros2cs_core.csproj", "{D2E7132B-DE3B-47A3-9E1A-9F82D3711143}"
EndProject
Global
	GlobalSection(SolutionConfigurationPlatforms) = preSolution
		Debug|Any CPU = Debug|Any CPU
		Release|Any CPU = Release|Any CPU
	EndGlobalSection
	GlobalSection(ProjectConfigurationPlatforms) = postSolution
		{84039454-68E4-4374-BE3E-113406D05994}.Debug|Any CPU.ActiveCfg = Debug|Any CPU
		{84039454-68E4-4374-BE3E-113406D05994}.Debug|Any CPU.Build.0 = Debug|Any CPU
		{84039454-68E4-4374-BE3E-113406D05994}.Release|Any CPU.ActiveCfg = Release|Any CPU
		{84039454-68E4-4374-BE3E-113406D05994}.Release|Any CPU.Build.0 = Release|Any CPU
		{B40B6CCE-ED73-4DAE-AEA4-3954AE22129F}.Debug|Any CPU.ActiveCfg = Debug|Any CPU
		{B40B6CCE-ED73-4DAE-AEA4-3954AE22129F}.Debug|Any CPU.Build.0 = Debug|Any CPU
		{B40B6CCE-ED73-4DAE-AEA4-3954AE22129F}.Release|Any CPU.ActiveCfg = Release|Any CPU
		{B40B6CCE-ED73-4DAE-AEA4-3954AE22129F}.Release|Any CPU.Build.0 = Release|Any CPU
		{8BEBBF58-9BB1-400D-877D-9305937AF7E2}.Debug|Any CPU.ActiveCfg = Debug|Any CPU
		{8BEBBF58-9BB1-400D-877D-9305937AF7E2}.Debug|Any CPU.Build.0 = Debug|Any CPU
		{8BEBBF58-9BB1-400D-877D-9305937AF7E2}.Release|Any CPU.ActiveCfg = Release|Any CPU
		{8BEBBF58-9BB1-400D-877D-9305937AF7E2}.Release|Any CPU.Build.0 = Release|Any CPU
		{ADF69083-5F8A-48CC-B922-C0199A436312}.Debug|Any CPU.ActiveCfg = Debug|Any CPU
		{ADF69083-5F8A-48CC-B922-C0199A436312}.Debug|Any CPU.Build.0 = Debug|Any CPU
		{ADF69083-5F8A-48CC-B922-C0199A436312}.Release|Any CPU.ActiveCfg = Release|Any CPU
		{ADF69083-5F8A-48CC-B922-C0199A436312}.Release|Any CPU.Build.0 = Release|Any CPU
		{F214AD6A-5711-4A60-BE78-9DF47E218098}.Debug|Any CPU.ActiveCfg = Debug|Any CPU
		{F214AD6A-5711-4A60-BE78-9DF47E218098}.Debug|Any CPU.Build.0 = Debug|Any CPU
		{F214AD6A-5711-4A60-BE78-9DF47E218098}.Release|Any CPU.ActiveCfg = Release|Any CPU
		{F214AD6A-5711-4A60-BE78-9DF47E218098}.Release|Any CPU.Build.0 = Release|Any CPU
		{E43D5F84-D27A-4581-AD86-6752C755F0FF}.Debug|Any CPU.ActiveCfg = Debug|Any CPU
		{E43D5F84-D27A-4581-AD86-6752C755F0FF}.Debug|Any CPU.Build.0 = Debug|Any CPU
		{E43D5F84-D27A-4581-AD86-6752C755F0FF}.Release|Any CPU.ActiveCfg = Release|Any CPU
		{E43D5F84-D27A-4581-AD86-6752C755F0FF}.Release|Any CPU.Build.0 = Release|Any CPU
		{B42ABB0C-910F-43DC-A2F5-6835BF5C0CC7}.Debug|Any CPU.ActiveCfg = Debug|Any CPU
		{B42ABB0C-910F-43DC-A2F5-6835BF5C0CC7}.Debug|Any CPU.Build.0 = Debug|Any CPU
		{B42ABB0C-910F-43DC-A2F5-6835BF5C0CC7}.Release|Any CPU.ActiveCfg = Release|Any CPU
		{B42ABB0C-910F-43DC-A2F5-6835BF5C0CC7}.Release|Any CPU.Build.0 = Release|Any CPU
		{7897C260-82F8-4ED6-8385-6AA5F74E3373}.Debug|Any CPU.ActiveCfg = Debug|Any CPU
		{7897C260-82F8-4ED6-8385-6AA5F74E3373}.Debug|Any CPU.Build.0 = Debug|Any CPU
		{7897C260-82F8-4ED6-8385-6AA5F74E3373}.Release|Any CPU.ActiveCfg = Release|Any CPU
		{7897C260-82F8-4ED6-8385-6AA5F74E3373}.Release|Any CPU.Build.0 = Release|Any CPU
		{703DC9FF-8239-418C-A44D-84463CB4A2DB}.Debug|Any CPU.ActiveCfg = Debug|Any CPU
		{703DC9FF-8239-418C-A44D-84463CB4A2DB}.Debug|Any CPU.Build.0 = Debug|Any CPU
		{703DC9FF-8239-418C-A44D-84463CB4A2DB}.Release|Any CPU.ActiveCfg = Release|Any CPU
		{703DC9FF-8239-418C-A44D-84463CB4A2DB}.Release|Any CPU.Build.0 = Release|Any CPU
		{93600189-393A-4C9C-9CC4-F2FA27F3B13B}.Debug|Any CPU.ActiveCfg = Debug|Any CPU
		{93600189-393A-4C9C-9CC4-F2FA27F3B13B}.Debug|Any CPU.Build.0 = Debug|Any CPU
		{93600189-393A-4C9C-9CC4-F2FA27F3B13B}.Release|Any CPU.ActiveCfg = Release|Any CPU
		{93600189-393A-4C9C-9CC4-F2FA27F3B13B}.Release|Any CPU.Build.0 = Release|Any CPU
		{6F3A739B-7240-4B31-8B0B-2CB6FE28CC3A}.Debug|Any CPU.ActiveCfg = Debug|Any CPU
		{6F3A739B-7240-4B31-8B0B-2CB6FE28CC3A}.Debug|Any CPU.Build.0 = Debug|Any CPU
		{6F3A739B-7240-4B31-8B0B-2CB6FE28CC3A}.Release|Any CPU.ActiveCfg = Release|Any CPU
		{6F3A739B-7240-4B31-8B0B-2CB6FE28CC3A}.Release|Any CPU.Build.0 = Release|Any CPU
		{446D70FA-D424-4928-9E0C-0D24E49F5BD3}.Debug|Any CPU.ActiveCfg = Debug|Any CPU
		{446D70FA-D424-4928-9E0C-0D24E49F5BD3}.Debug|Any CPU.Build.0 = Debug|Any CPU
		{446D70FA-D424-4928-9E0C-0D24E49F5BD3}.Release|Any CPU.ActiveCfg = Release|Any CPU
		{446D70FA-D424-4928-9E0C-0D24E49F5BD3}.Release|Any CPU.Build.0 = Release|Any CPU
		{AE631998-516A-4200-ADF9-4E9EEE675A29}.Debug|Any CPU.ActiveCfg = Debug|Any CPU
		{AE631998-516A-4200-ADF9-4E9EEE675A29}.Debug|Any CPU.Build.0 = Debug|Any CPU
		{AE631998-516A-4200-ADF9-4E9EEE675A29}.Release|Any CPU.ActiveCfg = Release|Any CPU
		{AE631998-516A-4200-ADF9-4E9EEE675A29}.Release|Any CPU.Build.0 = Release|Any CPU
		{D0684432-D81D-4CA4-84AA-7123CAFEE7DE}.Debug|Any CPU.ActiveCfg = Debug|Any CPU
		{D0684432-D81D-4CA4-84AA-7123CAFEE7DE}.Debug|Any CPU.Build.0 = Debug|Any CPU
		{D0684432-D81D-4CA4-84AA-7123CAFEE7DE}.Release|Any CPU.ActiveCfg = Release|Any CPU
		{D0684432-D81D-4CA4-84AA-7123CAFEE7DE}.Release|Any CPU.Build.0 = Release|Any CPU
		{BD10D7AD-8D6C-4ADF-8475-0A05CCB633BB}.Debug|Any CPU.ActiveCfg = Debug|Any CPU
		{BD10D7AD-8D6C-4ADF-8475-0A05CCB633BB}.Debug|Any CPU.Build.0 = Debug|Any CPU
		{BD10D7AD-8D6C-4ADF-8475-0A05CCB633BB}.Release|Any CPU.ActiveCfg = Release|Any CPU
		{BD10D7AD-8D6C-4ADF-8475-0A05CCB633BB}.Release|Any CPU.Build.0 = Release|Any CPU
		{B3BA2368-30C3-4F43-AD8C-74A0EB5CBFC3}.Debug|Any CPU.ActiveCfg = Debug|Any CPU
		{B3BA2368-30C3-4F43-AD8C-74A0EB5CBFC3}.Debug|Any CPU.Build.0 = Debug|Any CPU
		{B3BA2368-30C3-4F43-AD8C-74A0EB5CBFC3}.Release|Any CPU.ActiveCfg = Release|Any CPU
		{B3BA2368-30C3-4F43-AD8C-74A0EB5CBFC3}.Release|Any CPU.Build.0 = Release|Any CPU
		{FCB98ECD-1A6D-49BA-B24A-F58785FAC588}.Debug|Any CPU.ActiveCfg = Debug|Any CPU
		{FCB98ECD-1A6D-49BA-B24A-F58785FAC588}.Debug|Any CPU.Build.0 = Debug|Any CPU
		{FCB98ECD-1A6D-49BA-B24A-F58785FAC588}.Release|Any CPU.ActiveCfg = Release|Any CPU
		{FCB98ECD-1A6D-49BA-B24A-F58785FAC588}.Release|Any CPU.Build.0 = Release|Any CPU
		{B7F6DC6D-27BB-47C1-AB32-E5C76951D063}.Debug|Any CPU.ActiveCfg = Debug|Any CPU
		{B7F6DC6D-27BB-47C1-AB32-E5C76951D063}.Debug|Any CPU.Build.0 = Debug|Any CPU
		{B7F6DC6D-27BB-47C1-AB32-E5C76951D063}.Release|Any CPU.ActiveCfg = Release|Any CPU
		{B7F6DC6D-27BB-47C1-AB32-E5C76951D063}.Release|Any CPU.Build.0 = Release|Any CPU
		{8BA784AB-69A0-4F4E-A0A3-8B8EA1FC510B}.Debug|Any CPU.ActiveCfg = Debug|Any CPU
		{8BA784AB-69A0-4F4E-A0A3-8B8EA1FC510B}.Debug|Any CPU.Build.0 = Debug|Any CPU
		{8BA784AB-69A0-4F4E-A0A3-8B8EA1FC510B}.Release|Any CPU.ActiveCfg = Release|Any CPU
		{8BA784AB-69A0-4F4E-A0A3-8B8EA1FC510B}.Release|Any CPU.Build.0 = Release|Any CPU
		{48A04FC4-3AB5-4FC0-B62D-7B9481E3E207}.Debug|Any CPU.ActiveCfg = Debug|Any CPU
		{48A04FC4-3AB5-4FC0-B62D-7B9481E3E207}.Debug|Any CPU.Build.0 = Debug|Any CPU
		{48A04FC4-3AB5-4FC0-B62D-7B9481E3E207}.Release|Any CPU.ActiveCfg = Release|Any CPU
		{48A04FC4-3AB5-4FC0-B62D-7B9481E3E207}.Release|Any CPU.Build.0 = Release|Any CPU
		{47FB5B8C-CC4C-4554-A963-9EDAEB2E0FB5}.Debug|Any CPU.ActiveCfg = Debug|Any CPU
		{47FB5B8C-CC4C-4554-A963-9EDAEB2E0FB5}.Debug|Any CPU.Build.0 = Debug|Any CPU
		{47FB5B8C-CC4C-4554-A963-9EDAEB2E0FB5}.Release|Any CPU.ActiveCfg = Release|Any CPU
		{47FB5B8C-CC4C-4554-A963-9EDAEB2E0FB5}.Release|Any CPU.Build.0 = Release|Any CPU
		{156F5D3D-9F27-48B3-8C40-3A174FF97AC7}.Debug|Any CPU.ActiveCfg = Debug|Any CPU
		{156F5D3D-9F27-48B3-8C40-3A174FF97AC7}.Debug|Any CPU.Build.0 = Debug|Any CPU
		{156F5D3D-9F27-48B3-8C40-3A174FF97AC7}.Release|Any CPU.ActiveCfg = Release|Any CPU
		{156F5D3D-9F27-48B3-8C40-3A174FF97AC7}.Release|Any CPU.Build.0 = Release|Any CPU
		{F6C16B49-23E5-4A98-AABC-EDB0B1CD5AD9}.Debug|Any CPU.ActiveCfg = Debug|Any CPU
		{F6C16B49-23E5-4A98-AABC-EDB0B1CD5AD9}.Debug|Any CPU.Build.0 = Debug|Any CPU
		{F6C16B49-23E5-4A98-AABC-EDB0B1CD5AD9}.Release|Any CPU.ActiveCfg = Release|Any CPU
		{F6C16B49-23E5-4A98-AABC-EDB0B1CD5AD9}.Release|Any CPU.Build.0 = Release|Any CPU
		{05A50F09-045E-4F65-8E0B-FD5B2A5171D4}.Debug|Any CPU.ActiveCfg = Debug|Any CPU
		{05A50F09-045E-4F65-8E0B-FD5B2A5171D4}.Debug|Any CPU.Build.0 = Debug|Any CPU
		{05A50F09-045E-4F65-8E0B-FD5B2A5171D4}.Release|Any CPU.ActiveCfg = Release|Any CPU
		{05A50F09-045E-4F65-8E0B-FD5B2A5171D4}.Release|Any CPU.Build.0 = Release|Any CPU
		{7DC91D9F-B400-4C43-8BC1-F35D77737C41}.Debug|Any CPU.ActiveCfg = Debug|Any CPU
		{7DC91D9F-B400-4C43-8BC1-F35D77737C41}.Debug|Any CPU.Build.0 = Debug|Any CPU
		{7DC91D9F-B400-4C43-8BC1-F35D77737C41}.Release|Any CPU.ActiveCfg = Release|Any CPU
		{7DC91D9F-B400-4C43-8BC1-F35D77737C41}.Release|Any CPU.Build.0 = Release|Any CPU
		{A01EF6F1-7935-41B7-9190-32574388AB78}.Debug|Any CPU.ActiveCfg = Debug|Any CPU
		{A01EF6F1-7935-41B7-9190-32574388AB78}.Debug|Any CPU.Build.0 = Debug|Any CPU
		{A01EF6F1-7935-41B7-9190-32574388AB78}.Release|Any CPU.ActiveCfg = Release|Any CPU
		{A01EF6F1-7935-41B7-9190-32574388AB78}.Release|Any CPU.Build.0 = Release|Any CPU
		{760A5BD3-3539-42B3-9A94-36C7034D354A}.Debug|Any CPU.ActiveCfg = Debug|Any CPU
		{760A5BD3-3539-42B3-9A94-36C7034D354A}.Debug|Any CPU.Build.0 = Debug|Any CPU
		{760A5BD3-3539-42B3-9A94-36C7034D354A}.Release|Any CPU.ActiveCfg = Release|Any CPU
		{760A5BD3-3539-42B3-9A94-36C7034D354A}.Release|Any CPU.Build.0 = Release|Any CPU
		{75C8B5B2-57E2-4FBE-ACBD-FD5D880EAECB}.Debug|Any CPU.ActiveCfg = Debug|Any CPU
		{75C8B5B2-57E2-4FBE-ACBD-FD5D880EAECB}.Debug|Any CPU.Build.0 = Debug|Any CPU
		{75C8B5B2-57E2-4FBE-ACBD-FD5D880EAECB}.Release|Any CPU.ActiveCfg = Release|Any CPU
		{75C8B5B2-57E2-4FBE-ACBD-FD5D880EAECB}.Release|Any CPU.Build.0 = Release|Any CPU
		{71990283-A19D-49A0-B38E-D3B3321F2357}.Debug|Any CPU.ActiveCfg = Debug|Any CPU
		{71990283-A19D-49A0-B38E-D3B3321F2357}.Debug|Any CPU.Build.0 = Debug|Any CPU
		{71990283-A19D-49A0-B38E-D3B3321F2357}.Release|Any CPU.ActiveCfg = Release|Any CPU
		{71990283-A19D-49A0-B38E-D3B3321F2357}.Release|Any CPU.Build.0 = Release|Any CPU
		{ED6AD980-7C27-41BB-9B68-04FB2663E403}.Debug|Any CPU.ActiveCfg = Debug|Any CPU
		{ED6AD980-7C27-41BB-9B68-04FB2663E403}.Debug|Any CPU.Build.0 = Debug|Any CPU
		{ED6AD980-7C27-41BB-9B68-04FB2663E403}.Release|Any CPU.ActiveCfg = Release|Any CPU
		{ED6AD980-7C27-41BB-9B68-04FB2663E403}.Release|Any CPU.Build.0 = Release|Any CPU
		{D2E7132B-DE3B-47A3-9E1A-9F82D3711143}.Debug|Any CPU.ActiveCfg = Debug|Any CPU
		{D2E7132B-DE3B-47A3-9E1A-9F82D3711143}.Debug|Any CPU.Build.0 = Debug|Any CPU
		{D2E7132B-DE3B-47A3-9E1A-9F82D3711143}.Release|Any CPU.ActiveCfg = Release|Any CPU
		{D2E7132B-DE3B-47A3-9E1A-9F82D3711143}.Release|Any CPU.Build.0 = Release|Any CPU
	EndGlobalSection
	GlobalSection(SolutionProperties) = preSolution
		HideSolutionNode = FALSE
	EndGlobalSection
	GlobalSection(NestedProjects) = preSolution
		{7A23AD06-10D0-47BE-9D81-3818129408B5} = {ADBEE30B-9989-4E2A-8162-EF99D617F89A}
		{84039454-68E4-4374-BE3E-113406D05994} = {7A23AD06-10D0-47BE-9D81-3818129408B5}
		{5B7332E0-7ACA-41C0-ADE3-796B485A0543} = {ADBEE30B-9989-4E2A-8162-EF99D617F89A}
		{B40B6CCE-ED73-4DAE-AEA4-3954AE22129F} = {5B7332E0-7ACA-41C0-ADE3-796B485A0543}
		{4759A0B6-371D-4BE2-A2E6-EDC726911291} = {ADBEE30B-9989-4E2A-8162-EF99D617F89A}
		{8BEBBF58-9BB1-400D-877D-9305937AF7E2} = {4759A0B6-371D-4BE2-A2E6-EDC726911291}
		{4E22B614-05EE-4FA2-AD37-C053F5940F04} = {ADBEE30B-9989-4E2A-8162-EF99D617F89A}
		{ADF69083-5F8A-48CC-B922-C0199A436312} = {4E22B614-05EE-4FA2-AD37-C053F5940F04}
		{C251E28D-DF59-4A7E-9C9D-532FF3B73A5B} = {ADBEE30B-9989-4E2A-8162-EF99D617F89A}
		{F214AD6A-5711-4A60-BE78-9DF47E218098} = {C251E28D-DF59-4A7E-9C9D-532FF3B73A5B}
		{0A51FE23-25C5-40AB-B3DD-041DBE510AE0} = {ADBEE30B-9989-4E2A-8162-EF99D617F89A}
		{E43D5F84-D27A-4581-AD86-6752C755F0FF} = {0A51FE23-25C5-40AB-B3DD-041DBE510AE0}
		{641EC564-E146-4837-B424-BE420C0127CE} = {ADBEE30B-9989-4E2A-8162-EF99D617F89A}
		{B42ABB0C-910F-43DC-A2F5-6835BF5C0CC7} = {641EC564-E146-4837-B424-BE420C0127CE}
		{42F98C30-0C30-4300-8E9E-162F263DD766} = {ADBEE30B-9989-4E2A-8162-EF99D617F89A}
		{7897C260-82F8-4ED6-8385-6AA5F74E3373} = {42F98C30-0C30-4300-8E9E-162F263DD766}
		{B6BDE095-3486-483E-89A1-295D6299D401} = {ADBEE30B-9989-4E2A-8162-EF99D617F89A}
		{703DC9FF-8239-418C-A44D-84463CB4A2DB} = {B6BDE095-3486-483E-89A1-295D6299D401}
		{E1D4BAA9-134F-48DA-9116-6840AD099076} = {ADBEE30B-9989-4E2A-8162-EF99D617F89A}
		{93600189-393A-4C9C-9CC4-F2FA27F3B13B} = {E1D4BAA9-134F-48DA-9116-6840AD099076}
		{B6671C13-4273-4D1E-BB02-2AA565B945BD} = {ADBEE30B-9989-4E2A-8162-EF99D617F89A}
		{6F3A739B-7240-4B31-8B0B-2CB6FE28CC3A} = {B6671C13-4273-4D1E-BB02-2AA565B945BD}
		{80D01883-17B6-4A16-BB5A-827CC3B0B4CA} = {ADBEE30B-9989-4E2A-8162-EF99D617F89A}
		{446D70FA-D424-4928-9E0C-0D24E49F5BD3} = {80D01883-17B6-4A16-BB5A-827CC3B0B4CA}
		{AE631998-516A-4200-ADF9-4E9EEE675A29} = {80D01883-17B6-4A16-BB5A-827CC3B0B4CA}
		{D0684432-D81D-4CA4-84AA-7123CAFEE7DE} = {80D01883-17B6-4A16-BB5A-827CC3B0B4CA}
		{BD10D7AD-8D6C-4ADF-8475-0A05CCB633BB} = {80D01883-17B6-4A16-BB5A-827CC3B0B4CA}
		{B3BA2368-30C3-4F43-AD8C-74A0EB5CBFC3} = {80D01883-17B6-4A16-BB5A-827CC3B0B4CA}
		{FCB98ECD-1A6D-49BA-B24A-F58785FAC588} = {80D01883-17B6-4A16-BB5A-827CC3B0B4CA}
		{3DE25A30-DC20-4536-98D3-A4EBC47FC3A9} = {ADBEE30B-9989-4E2A-8162-EF99D617F89A}
		{B7F6DC6D-27BB-47C1-AB32-E5C76951D063} = {3DE25A30-DC20-4536-98D3-A4EBC47FC3A9}
		{DC7B8697-D5BE-4EEE-A471-EF82A2BC1C38} = {ADBEE30B-9989-4E2A-8162-EF99D617F89A}
		{8BA784AB-69A0-4F4E-A0A3-8B8EA1FC510B} = {DC7B8697-D5BE-4EEE-A471-EF82A2BC1C38}
		{25657AEC-07EC-4F64-B9B9-922C93F597EB} = {ADBEE30B-9989-4E2A-8162-EF99D617F89A}
		{48A04FC4-3AB5-4FC0-B62D-7B9481E3E207} = {25657AEC-07EC-4F64-B9B9-922C93F597EB}
		{EEEDE605-071C-4B45-8DB3-6F3392B88416} = {ADBEE30B-9989-4E2A-8162-EF99D617F89A}
		{47FB5B8C-CC4C-4554-A963-9EDAEB2E0FB5} = {EEEDE605-071C-4B45-8DB3-6F3392B88416}
		{A983CC26-1335-452E-B983-EA23D32AA30A} = {ADBEE30B-9989-4E2A-8162-EF99D617F89A}
		{156F5D3D-9F27-48B3-8C40-3A174FF97AC7} = {A983CC26-1335-452E-B983-EA23D32AA30A}
		{465641D7-F528-4843-BC32-8FCD5780A8BC} = {ADBEE30B-9989-4E2A-8162-EF99D617F89A}
		{F6C16B49-23E5-4A98-AABC-EDB0B1CD5AD9} = {465641D7-F528-4843-BC32-8FCD5780A8BC}
		{6E65334D-F93B-4B5C-86F3-80AD77DA10F3} = {ADBEE30B-9989-4E2A-8162-EF99D617F89A}
		{05A50F09-045E-4F65-8E0B-FD5B2A5171D4} = {6E65334D-F93B-4B5C-86F3-80AD77DA10F3}
		{FEF4A0BE-B369-4C25-A0D8-6887E1537180} = {ADBEE30B-9989-4E2A-8162-EF99D617F89A}
		{7DC91D9F-B400-4C43-8BC1-F35D77737C41} = {FEF4A0BE-B369-4C25-A0D8-6887E1537180}
		{FD6034ED-C703-4D2B-90F3-A9DDAB1BE9E1} = {ADBEE30B-9989-4E2A-8162-EF99D617F89A}
		{A01EF6F1-7935-41B7-9190-32574388AB78} = {FD6034ED-C703-4D2B-90F3-A9DDAB1BE9E1}
		{3AB8449A-D7E7-473F-A342-17235F34EFDF} = {ADBEE30B-9989-4E2A-8162-EF99D617F89A}
		{760A5BD3-3539-42B3-9A94-36C7034D354A} = {3AB8449A-D7E7-473F-A342-17235F34EFDF}
		{FAD6A3CC-F4B1-43CF-A594-F9CA3A0A5C4C} = {ADBEE30B-9989-4E2A-8162-EF99D617F89A}
		{75C8B5B2-57E2-4FBE-ACBD-FD5D880EAECB} = {FAD6A3CC-F4B1-43CF-A594-F9CA3A0A5C4C}
		{A58259E4-42AF-4BC1-BEE7-6343EC9DC36E} = {ADBEE30B-9989-4E2A-8162-EF99D617F89A}
		{71990283-A19D-49A0-B38E-D3B3321F2357} = {A58259E4-42AF-4BC1-BEE7-6343EC9DC36E}
		{3DAB73F1-9263-4A38-A823-72D284B7C23A} = {ADBEE30B-9989-4E2A-8162-EF99D617F89A}
		{ED6AD980-7C27-41BB-9B68-04FB2663E403} = {3DAB73F1-9263-4A38-A823-72D284B7C23A}
		{146367A7-D9F4-4462-8372-037ED8C21C35} = {CD5BF4F3-13DB-44D6-9BE3-F52E1969BB57}
		{33191F29-39EB-4D3A-80A5-5D5D289C6506} = {146367A7-D9F4-4462-8372-037ED8C21C35}
		{DCB4DBA9-C639-42F6-9383-4A92C3316776} = {33191F29-39EB-4D3A-80A5-5D5D289C6506}
		{D2E7132B-DE3B-47A3-9E1A-9F82D3711143} = {DCB4DBA9-C639-42F6-9383-4A92C3316776}
	EndGlobalSection
	GlobalSection(ExtensibilityGlobals) = postSolution
		SolutionGuid = {2AF4EA34-903A-4A56-9E4C-7F5C7080D7BB}
	EndGlobalSection
EndGlobal
